
Microsoft Visual Studio Solution File, Format Version 12.00
# Visual Studio Version 17
VisualStudioVersion = 17.2.32526.322
MinimumVisualStudioVersion = 10.0.40219.1
Project("{9A19103F-16F7-4668-BE54-9A1E7A4F7556}") = "Product.Mircroservice", "Product.Mircroservice\Product.Mircroservice.csproj", "{1F01F8D9-F571-495C-B107-CF6C6253B4CE}"
EndProject
Project("{2150E333-8FDC-42A3-9474-1A3956D46DE8}") = "Microservices", "Microservices", "{71CD7C94-B1D0-41CB-94DF-46613373C4B4}"
EndProject
Project("{9A19103F-16F7-4668-BE54-9A1E7A4F7556}") = "Customer.Microservice", "Customer.Microservice\Customer.Microservice.csproj", "{F5FB21F6-E146-478D-8936-0F7F910D4483}"
EndProject
Project("{9A19103F-16F7-4668-BE54-9A1E7A4F7556}") = "Gateway.API", "Gateway.API\Gateway.API.csproj", "{495C6BB2-3151-4F83-A912-50F7510DC2BD}"
EndProject
Project("{2150E333-8FDC-42A3-9474-1A3956D46DE8}") = "DAL", "DAL", "{E5DD7F97-3D13-4828-98EC-D00B869EA600}"
EndProject
Project("{2150E333-8FDC-42A3-9474-1A3956D46DE8}") = "Domains", "Domains", "{DC3CD6F4-F474-41B0-8E86-8232652A389D}"
EndProject
Project("{2150E333-8FDC-42A3-9474-1A3956D46DE8}") = "Shared", "Shared", "{B453448E-FD26-4D4B-BE00-2A937A8CEB26}"
EndProject
Project("{9A19103F-16F7-4668-BE54-9A1E7A4F7556}") = "Product.DAL", "Product.DAL\Product.DAL.csproj", "{66F1892F-4870-4AF7-864C-C4BD8F1EEE35}"
EndProject
Project("{9A19103F-16F7-4668-BE54-9A1E7A4F7556}") = "Customer.DAL", "Customer.DAL\Customer.DAL.csproj", "{FF27B1DA-8148-4C51-9B28-CAB9F0B5B6CB}"
EndProject
Project("{9A19103F-16F7-4668-BE54-9A1E7A4F7556}") = "Product.Domains", "Product.Domains\Product.Domains.csproj", "{81AE915F-22E8-4227-9933-C5FD967C6EDC}"
EndProject
Project("{9A19103F-16F7-4668-BE54-9A1E7A4F7556}") = "Customer.Domains", "Customer.Domains\Customer.Domains.csproj", "{B3C97377-60EC-49FE-A795-0FD7A4E9A92D}"
EndProject
Project("{E53339B2-1760-4266-BCC7-CA923CBCF16C}") = "docker-compose", "docker-compose.dcproj", "{2BD7AF4F-60C9-4707-A530-5BCAC202A9DF}"
EndProject
Project("{2150E333-8FDC-42A3-9474-1A3956D46DE8}") = "Business", "Business", "{6107B08F-B21E-46FA-949D-99B37D07CE20}"
EndProject
Project("{9A19103F-16F7-4668-BE54-9A1E7A4F7556}") = "Product.Business", "Product.business\Product.Business.csproj", "{DF96C9B8-60ED-464A-B4E6-DFF6C6EB381F}"
EndProject
Project("{9A19103F-16F7-4668-BE54-9A1E7A4F7556}") = "Customer.Business", "Customer.Business\Customer.Business.csproj", "{A0B464CA-0F81-4F4B-A110-C4E0588A2B4A}"
EndProject
Project("{9A19103F-16F7-4668-BE54-9A1E7A4F7556}") = "UserMicroService", "UserMicroService\UserMicroService.csproj", "{4FCE8A9B-99E3-4BBB-AFD8-A927CC7C98A6}"
EndProject
Project("{9A19103F-16F7-4668-BE54-9A1E7A4F7556}") = "Discount.Grpc", "Discount.Microservice\Discount.Grpc.csproj", "{167EDFC7-C132-4D5F-9901-7B6E37A10285}"
EndProject
Project("{9A19103F-16F7-4668-BE54-9A1E7A4F7556}") = "SecureAuth", "SecureAuth\SecureAuth.csproj", "{56A19F4A-1799-4E54-88C4-B7B28EFD9C01}"
EndProject
Project("{9A19103F-16F7-4668-BE54-9A1E7A4F7556}") = "Microservices.Utilities", "Microservices.Utilities\Microservices.Utilities.csproj", "{9A031DD4-71B1-4BB0-9ACB-B657247F918D}"
EndProject
Project("{9A19103F-16F7-4668-BE54-9A1E7A4F7556}") = "PH.Domains", "PH.Domains\PH.Domains.csproj", "{FF43C390-996D-477E-9D96-159975280FEB}"
EndProject
Project("{9A19103F-16F7-4668-BE54-9A1E7A4F7556}") = "Product.Repositories", "GenericRepositories\Product.Repositories.csproj", "{AEEFED8F-31A0-4931-AC0F-23CF7B1D092C}"
EndProject
Project("{FAE04EC0-301F-11D3-BF4B-00C04F79EFBC}") = "Product.DTO", "Product.DTO\Product.DTO.csproj", "{3953207F-0E91-44B8-8996-3085ABFA479B}"
EndProject
Global
	GlobalSection(SolutionConfigurationPlatforms) = preSolution
		Debug|Any CPU = Debug|Any CPU
		Release|Any CPU = Release|Any CPU
	EndGlobalSection
	GlobalSection(ProjectConfigurationPlatforms) = postSolution
		{1F01F8D9-F571-495C-B107-CF6C6253B4CE}.Debug|Any CPU.ActiveCfg = Debug|Any CPU
		{1F01F8D9-F571-495C-B107-CF6C6253B4CE}.Debug|Any CPU.Build.0 = Debug|Any CPU
		{1F01F8D9-F571-495C-B107-CF6C6253B4CE}.Release|Any CPU.ActiveCfg = Release|Any CPU
		{1F01F8D9-F571-495C-B107-CF6C6253B4CE}.Release|Any CPU.Build.0 = Release|Any CPU
		{F5FB21F6-E146-478D-8936-0F7F910D4483}.Debug|Any CPU.ActiveCfg = Debug|Any CPU
		{F5FB21F6-E146-478D-8936-0F7F910D4483}.Debug|Any CPU.Build.0 = Debug|Any CPU
		{F5FB21F6-E146-478D-8936-0F7F910D4483}.Release|Any CPU.ActiveCfg = Release|Any CPU
		{F5FB21F6-E146-478D-8936-0F7F910D4483}.Release|Any CPU.Build.0 = Release|Any CPU
		{495C6BB2-3151-4F83-A912-50F7510DC2BD}.Debug|Any CPU.ActiveCfg = Debug|Any CPU
		{495C6BB2-3151-4F83-A912-50F7510DC2BD}.Debug|Any CPU.Build.0 = Debug|Any CPU
		{495C6BB2-3151-4F83-A912-50F7510DC2BD}.Release|Any CPU.ActiveCfg = Release|Any CPU
		{495C6BB2-3151-4F83-A912-50F7510DC2BD}.Release|Any CPU.Build.0 = Release|Any CPU
		{66F1892F-4870-4AF7-864C-C4BD8F1EEE35}.Debug|Any CPU.ActiveCfg = Debug|Any CPU
		{66F1892F-4870-4AF7-864C-C4BD8F1EEE35}.Debug|Any CPU.Build.0 = Debug|Any CPU
		{66F1892F-4870-4AF7-864C-C4BD8F1EEE35}.Release|Any CPU.ActiveCfg = Release|Any CPU
		{66F1892F-4870-4AF7-864C-C4BD8F1EEE35}.Release|Any CPU.Build.0 = Release|Any CPU
		{FF27B1DA-8148-4C51-9B28-CAB9F0B5B6CB}.Debug|Any CPU.ActiveCfg = Debug|Any CPU
		{FF27B1DA-8148-4C51-9B28-CAB9F0B5B6CB}.Debug|Any CPU.Build.0 = Debug|Any CPU
		{FF27B1DA-8148-4C51-9B28-CAB9F0B5B6CB}.Release|Any CPU.ActiveCfg = Release|Any CPU
		{FF27B1DA-8148-4C51-9B28-CAB9F0B5B6CB}.Release|Any CPU.Build.0 = Release|Any CPU
		{81AE915F-22E8-4227-9933-C5FD967C6EDC}.Debug|Any CPU.ActiveCfg = Debug|Any CPU
		{81AE915F-22E8-4227-9933-C5FD967C6EDC}.Debug|Any CPU.Build.0 = Debug|Any CPU
		{81AE915F-22E8-4227-9933-C5FD967C6EDC}.Release|Any CPU.ActiveCfg = Release|Any CPU
		{81AE915F-22E8-4227-9933-C5FD967C6EDC}.Release|Any CPU.Build.0 = Release|Any CPU
		{B3C97377-60EC-49FE-A795-0FD7A4E9A92D}.Debug|Any CPU.ActiveCfg = Debug|Any CPU
		{B3C97377-60EC-49FE-A795-0FD7A4E9A92D}.Debug|Any CPU.Build.0 = Debug|Any CPU
		{B3C97377-60EC-49FE-A795-0FD7A4E9A92D}.Release|Any CPU.ActiveCfg = Release|Any CPU
		{B3C97377-60EC-49FE-A795-0FD7A4E9A92D}.Release|Any CPU.Build.0 = Release|Any CPU
		{2BD7AF4F-60C9-4707-A530-5BCAC202A9DF}.Debug|Any CPU.ActiveCfg = Debug|Any CPU
		{2BD7AF4F-60C9-4707-A530-5BCAC202A9DF}.Debug|Any CPU.Build.0 = Debug|Any CPU
		{2BD7AF4F-60C9-4707-A530-5BCAC202A9DF}.Release|Any CPU.ActiveCfg = Release|Any CPU
		{2BD7AF4F-60C9-4707-A530-5BCAC202A9DF}.Release|Any CPU.Build.0 = Release|Any CPU
		{DF96C9B8-60ED-464A-B4E6-DFF6C6EB381F}.Debug|Any CPU.ActiveCfg = Debug|Any CPU
		{DF96C9B8-60ED-464A-B4E6-DFF6C6EB381F}.Debug|Any CPU.Build.0 = Debug|Any CPU
		{DF96C9B8-60ED-464A-B4E6-DFF6C6EB381F}.Release|Any CPU.ActiveCfg = Release|Any CPU
		{DF96C9B8-60ED-464A-B4E6-DFF6C6EB381F}.Release|Any CPU.Build.0 = Release|Any CPU
		{A0B464CA-0F81-4F4B-A110-C4E0588A2B4A}.Debug|Any CPU.ActiveCfg = Debug|Any CPU
		{A0B464CA-0F81-4F4B-A110-C4E0588A2B4A}.Debug|Any CPU.Build.0 = Debug|Any CPU
		{A0B464CA-0F81-4F4B-A110-C4E0588A2B4A}.Release|Any CPU.ActiveCfg = Release|Any CPU
		{A0B464CA-0F81-4F4B-A110-C4E0588A2B4A}.Release|Any CPU.Build.0 = Release|Any CPU
		{4FCE8A9B-99E3-4BBB-AFD8-A927CC7C98A6}.Debug|Any CPU.ActiveCfg = Debug|Any CPU
		{4FCE8A9B-99E3-4BBB-AFD8-A927CC7C98A6}.Debug|Any CPU.Build.0 = Debug|Any CPU
		{4FCE8A9B-99E3-4BBB-AFD8-A927CC7C98A6}.Release|Any CPU.ActiveCfg = Release|Any CPU
		{4FCE8A9B-99E3-4BBB-AFD8-A927CC7C98A6}.Release|Any CPU.Build.0 = Release|Any CPU
		{167EDFC7-C132-4D5F-9901-7B6E37A10285}.Debug|Any CPU.ActiveCfg = Debug|Any CPU
		{167EDFC7-C132-4D5F-9901-7B6E37A10285}.Debug|Any CPU.Build.0 = Debug|Any CPU
		{167EDFC7-C132-4D5F-9901-7B6E37A10285}.Release|Any CPU.ActiveCfg = Release|Any CPU
		{167EDFC7-C132-4D5F-9901-7B6E37A10285}.Release|Any CPU.Build.0 = Release|Any CPU
		{56A19F4A-1799-4E54-88C4-B7B28EFD9C01}.Debug|Any CPU.ActiveCfg = Debug|Any CPU
		{56A19F4A-1799-4E54-88C4-B7B28EFD9C01}.Debug|Any CPU.Build.0 = Debug|Any CPU
		{56A19F4A-1799-4E54-88C4-B7B28EFD9C01}.Release|Any CPU.ActiveCfg = Release|Any CPU
		{56A19F4A-1799-4E54-88C4-B7B28EFD9C01}.Release|Any CPU.Build.0 = Release|Any CPU
		{9A031DD4-71B1-4BB0-9ACB-B657247F918D}.Debug|Any CPU.ActiveCfg = Debug|Any CPU
		{9A031DD4-71B1-4BB0-9ACB-B657247F918D}.Debug|Any CPU.Build.0 = Debug|Any CPU
		{9A031DD4-71B1-4BB0-9ACB-B657247F918D}.Release|Any CPU.ActiveCfg = Release|Any CPU
		{9A031DD4-71B1-4BB0-9ACB-B657247F918D}.Release|Any CPU.Build.0 = Release|Any CPU
		{FF43C390-996D-477E-9D96-159975280FEB}.Debug|Any CPU.ActiveCfg = Debug|Any CPU
		{FF43C390-996D-477E-9D96-159975280FEB}.Debug|Any CPU.Build.0 = Debug|Any CPU
		{FF43C390-996D-477E-9D96-159975280FEB}.Release|Any CPU.ActiveCfg = Release|Any CPU
		{FF43C390-996D-477E-9D96-159975280FEB}.Release|Any CPU.Build.0 = Release|Any CPU
		{AEEFED8F-31A0-4931-AC0F-23CF7B1D092C}.Debug|Any CPU.ActiveCfg = Debug|Any CPU
		{AEEFED8F-31A0-4931-AC0F-23CF7B1D092C}.Debug|Any CPU.Build.0 = Debug|Any CPU
		{AEEFED8F-31A0-4931-AC0F-23CF7B1D092C}.Release|Any CPU.ActiveCfg = Release|Any CPU
		{AEEFED8F-31A0-4931-AC0F-23CF7B1D092C}.Release|Any CPU.Build.0 = Release|Any CPU
		{3953207F-0E91-44B8-8996-3085ABFA479B}.Debug|Any CPU.ActiveCfg = Debug|Any CPU
		{3953207F-0E91-44B8-8996-3085ABFA479B}.Debug|Any CPU.Build.0 = Debug|Any CPU
		{3953207F-0E91-44B8-8996-3085ABFA479B}.Release|Any CPU.ActiveCfg = Release|Any CPU
		{3953207F-0E91-44B8-8996-3085ABFA479B}.Release|Any CPU.Build.0 = Release|Any CPU
	EndGlobalSection
	GlobalSection(SolutionProperties) = preSolution
		HideSolutionNode = FALSE
	EndGlobalSection
	GlobalSection(NestedProjects) = preSolution
		{1F01F8D9-F571-495C-B107-CF6C6253B4CE} = {71CD7C94-B1D0-41CB-94DF-46613373C4B4}
		{F5FB21F6-E146-478D-8936-0F7F910D4483} = {71CD7C94-B1D0-41CB-94DF-46613373C4B4}
		{66F1892F-4870-4AF7-864C-C4BD8F1EEE35} = {E5DD7F97-3D13-4828-98EC-D00B869EA600}
		{FF27B1DA-8148-4C51-9B28-CAB9F0B5B6CB} = {E5DD7F97-3D13-4828-98EC-D00B869EA600}
		{81AE915F-22E8-4227-9933-C5FD967C6EDC} = {DC3CD6F4-F474-41B0-8E86-8232652A389D}
		{B3C97377-60EC-49FE-A795-0FD7A4E9A92D} = {DC3CD6F4-F474-41B0-8E86-8232652A389D}
		{DF96C9B8-60ED-464A-B4E6-DFF6C6EB381F} = {6107B08F-B21E-46FA-949D-99B37D07CE20}
		{A0B464CA-0F81-4F4B-A110-C4E0588A2B4A} = {6107B08F-B21E-46FA-949D-99B37D07CE20}
		{4FCE8A9B-99E3-4BBB-AFD8-A927CC7C98A6} = {71CD7C94-B1D0-41CB-94DF-46613373C4B4}
		{167EDFC7-C132-4D5F-9901-7B6E37A10285} = {71CD7C94-B1D0-41CB-94DF-46613373C4B4}
		{56A19F4A-1799-4E54-88C4-B7B28EFD9C01} = {B453448E-FD26-4D4B-BE00-2A937A8CEB26}
		{9A031DD4-71B1-4BB0-9ACB-B657247F918D} = {B453448E-FD26-4D4B-BE00-2A937A8CEB26}
		{FF43C390-996D-477E-9D96-159975280FEB} = {DC3CD6F4-F474-41B0-8E86-8232652A389D}
		{AEEFED8F-31A0-4931-AC0F-23CF7B1D092C} = {E5DD7F97-3D13-4828-98EC-D00B869EA600}
		{3953207F-0E91-44B8-8996-3085ABFA479B} = {DC3CD6F4-F474-41B0-8E86-8232652A389D}
	EndGlobalSection
	GlobalSection(ExtensibilityGlobals) = postSolution
		SolutionGuid = {4559B1E5-178E-4795-ACC9-37B97EEA30D6}
	EndGlobalSection
EndGlobal
